// !$*UTF8*$!
{
	archiveVersion = 1;
	classes = {
	};
	objectVersion = 50;
	objects = {

/* Begin PBXBuildFile section */
		046FD936227D592100CF4170 /* ToDoModal.swift in Sources */ = {isa = PBXBuildFile; fileRef = 046FD935227D592100CF4170 /* ToDoModal.swift */; };
		046FD938227D5B5500CF4170 /* Singleton.swift in Sources */ = {isa = PBXBuildFile; fileRef = 046FD937227D5B5500CF4170 /* Singleton.swift */; };
		046FD93B227D5F3B00CF4170 /* Utility.swift in Sources */ = {isa = PBXBuildFile; fileRef = 046FD93A227D5F3B00CF4170 /* Utility.swift */; };
		04F29919227CCCA700288859 /* AppDelegate.swift in Sources */ = {isa = PBXBuildFile; fileRef = 04F29918227CCCA700288859 /* AppDelegate.swift */; };
		04F2991B227CCCA700288859 /* TaskListViewController.swift in Sources */ = {isa = PBXBuildFile; fileRef = 04F2991A227CCCA700288859 /* TaskListViewController.swift */; };
		04F2991E227CCCA700288859 /* Main.storyboard in Resources */ = {isa = PBXBuildFile; fileRef = 04F2991C227CCCA700288859 /* Main.storyboard */; };
		04F29920227CCCAA00288859 /* Assets.xcassets in Resources */ = {isa = PBXBuildFile; fileRef = 04F2991F227CCCAA00288859 /* Assets.xcassets */; };
		04F29923227CCCAA00288859 /* LaunchScreen.storyboard in Resources */ = {isa = PBXBuildFile; fileRef = 04F29921227CCCAA00288859 /* LaunchScreen.storyboard */; };
		04F2992E227CCCAA00288859 /* ToDoAppTests.swift in Sources */ = {isa = PBXBuildFile; fileRef = 04F2992D227CCCAA00288859 /* ToDoAppTests.swift */; };
		04F29939227CCCAA00288859 /* ToDoAppUITests.swift in Sources */ = {isa = PBXBuildFile; fileRef = 04F29938227CCCAA00288859 /* ToDoAppUITests.swift */; };
		04F29947227CCF5700288859 /* AddTaskVC.swift in Sources */ = {isa = PBXBuildFile; fileRef = 04F29946227CCF5700288859 /* AddTaskVC.swift */; };
		04F2994C227CD20300288859 /* TodoListTableViewCell.swift in Sources */ = {isa = PBXBuildFile; fileRef = 04F2994B227CD20300288859 /* TodoListTableViewCell.swift */; };
/* End PBXBuildFile section */

/* Begin PBXContainerItemProxy section */
		04F2992A227CCCAA00288859 /* PBXContainerItemProxy */ = {
			isa = PBXContainerItemProxy;
			containerPortal = 04F2990D227CCCA700288859 /* Project object */;
			proxyType = 1;
			remoteGlobalIDString = 04F29914227CCCA700288859;
			remoteInfo = ToDoApp;
		};
		04F29935227CCCAA00288859 /* PBXContainerItemProxy */ = {
			isa = PBXContainerItemProxy;
			containerPortal = 04F2990D227CCCA700288859 /* Project object */;
			proxyType = 1;
			remoteGlobalIDString = 04F29914227CCCA700288859;
			remoteInfo = ToDoApp;
		};
/* End PBXContainerItemProxy section */

/* Begin PBXFileReference section */
		046FD935227D592100CF4170 /* ToDoModal.swift */ = {isa = PBXFileReference; lastKnownFileType = sourcecode.swift; path = ToDoModal.swift; sourceTree = "<group>"; };
		046FD937227D5B5500CF4170 /* Singleton.swift */ = {isa = PBXFileReference; lastKnownFileType = sourcecode.swift; path = Singleton.swift; sourceTree = "<group>"; };
		046FD93A227D5F3B00CF4170 /* Utility.swift */ = {isa = PBXFileReference; lastKnownFileType = sourcecode.swift; path = Utility.swift; sourceTree = "<group>"; };
		04F29915227CCCA700288859 /* ToDoApp.app */ = {isa = PBXFileReference; explicitFileType = wrapper.application; includeInIndex = 0; path = ToDoApp.app; sourceTree = BUILT_PRODUCTS_DIR; };
		04F29918227CCCA700288859 /* AppDelegate.swift */ = {isa = PBXFileReference; lastKnownFileType = sourcecode.swift; path = AppDelegate.swift; sourceTree = "<group>"; };
		04F2991A227CCCA700288859 /* TaskListViewController.swift */ = {isa = PBXFileReference; lastKnownFileType = sourcecode.swift; path = TaskListViewController.swift; sourceTree = "<group>"; };
		04F2991D227CCCA700288859 /* Base */ = {isa = PBXFileReference; lastKnownFileType = file.storyboard; name = Base; path = Base.lproj/Main.storyboard; sourceTree = "<group>"; };
		04F2991F227CCCAA00288859 /* Assets.xcassets */ = {isa = PBXFileReference; lastKnownFileType = folder.assetcatalog; path = Assets.xcassets; sourceTree = "<group>"; };
		04F29922227CCCAA00288859 /* Base */ = {isa = PBXFileReference; lastKnownFileType = file.storyboard; name = Base; path = Base.lproj/LaunchScreen.storyboard; sourceTree = "<group>"; };
		04F29924227CCCAA00288859 /* Info.plist */ = {isa = PBXFileReference; lastKnownFileType = text.plist.xml; path = Info.plist; sourceTree = "<group>"; };
		04F29929227CCCAA00288859 /* ToDoAppTests.xctest */ = {isa = PBXFileReference; explicitFileType = wrapper.cfbundle; includeInIndex = 0; path = ToDoAppTests.xctest; sourceTree = BUILT_PRODUCTS_DIR; };
		04F2992D227CCCAA00288859 /* ToDoAppTests.swift */ = {isa = PBXFileReference; lastKnownFileType = sourcecode.swift; path = ToDoAppTests.swift; sourceTree = "<group>"; };
		04F2992F227CCCAA00288859 /* Info.plist */ = {isa = PBXFileReference; lastKnownFileType = text.plist.xml; path = Info.plist; sourceTree = "<group>"; };
		04F29934227CCCAA00288859 /* ToDoAppUITests.xctest */ = {isa = PBXFileReference; explicitFileType = wrapper.cfbundle; includeInIndex = 0; path = ToDoAppUITests.xctest; sourceTree = BUILT_PRODUCTS_DIR; };
		04F29938227CCCAA00288859 /* ToDoAppUITests.swift */ = {isa = PBXFileReference; lastKnownFileType = sourcecode.swift; path = ToDoAppUITests.swift; sourceTree = "<group>"; };
		04F2993A227CCCAA00288859 /* Info.plist */ = {isa = PBXFileReference; lastKnownFileType = text.plist.xml; path = Info.plist; sourceTree = "<group>"; };
		04F29946227CCF5700288859 /* AddTaskVC.swift */ = {isa = PBXFileReference; lastKnownFileType = sourcecode.swift; path = AddTaskVC.swift; sourceTree = "<group>"; };
		04F2994B227CD20300288859 /* TodoListTableViewCell.swift */ = {isa = PBXFileReference; lastKnownFileType = sourcecode.swift; path = TodoListTableViewCell.swift; sourceTree = "<group>"; };
/* End PBXFileReference section */

/* Begin PBXFrameworksBuildPhase section */
		04F29912227CCCA700288859 /* Frameworks */ = {
			isa = PBXFrameworksBuildPhase;
			buildActionMask = 2147483647;
			files = (
			);
			runOnlyForDeploymentPostprocessing = 0;
		};
		04F29926227CCCAA00288859 /* Frameworks */ = {
			isa = PBXFrameworksBuildPhase;
			buildActionMask = 2147483647;
			files = (
			);
			runOnlyForDeploymentPostprocessing = 0;
		};
		04F29931227CCCAA00288859 /* Frameworks */ = {
			isa = PBXFrameworksBuildPhase;
			buildActionMask = 2147483647;
			files = (
			);
			runOnlyForDeploymentPostprocessing = 0;
		};
/* End PBXFrameworksBuildPhase section */

/* Begin PBXGroup section */
		046FD934227D588300CF4170 /* Modal */ = {
			isa = PBXGroup;
			children = (
				046FD935227D592100CF4170 /* ToDoModal.swift */,
				046FD937227D5B5500CF4170 /* Singleton.swift */,
			);
			path = Modal;
			sourceTree = "<group>";
		};
		046FD939227D5F0B00CF4170 /* Utility */ = {
			isa = PBXGroup;
			children = (
				046FD93A227D5F3B00CF4170 /* Utility.swift */,
			);
			path = Utility;
			sourceTree = "<group>";
		};
		04F2990C227CCCA700288859 = {
			isa = PBXGroup;
			children = (
				04F29917227CCCA700288859 /* ToDoApp */,
				04F2992C227CCCAA00288859 /* ToDoAppTests */,
				04F29937227CCCAA00288859 /* ToDoAppUITests */,
				04F29916227CCCA700288859 /* Products */,
			);
			sourceTree = "<group>";
		};
		04F29916227CCCA700288859 /* Products */ = {
			isa = PBXGroup;
			children = (
				04F29915227CCCA700288859 /* ToDoApp.app */,
				04F29929227CCCAA00288859 /* ToDoAppTests.xctest */,
				04F29934227CCCAA00288859 /* ToDoAppUITests.xctest */,
			);
			name = Products;
			sourceTree = "<group>";
		};
		04F29917227CCCA700288859 /* ToDoApp */ = {
			isa = PBXGroup;
			children = (
				046FD939227D5F0B00CF4170 /* Utility */,
				046FD934227D588300CF4170 /* Modal */,
				04F2994A227CD1BF00288859 /* TableViewCells */,
				04F29948227CD18C00288859 /* TodoList */,
				04F29949227CD1A700288859 /* AddTask */,
				04F29918227CCCA700288859 /* AppDelegate.swift */,
				04F2991C227CCCA700288859 /* Main.storyboard */,
				04F2991F227CCCAA00288859 /* Assets.xcassets */,
				04F29921227CCCAA00288859 /* LaunchScreen.storyboard */,
				04F29924227CCCAA00288859 /* Info.plist */,
			);
			path = ToDoApp;
			sourceTree = "<group>";
		};
		04F2992C227CCCAA00288859 /* ToDoAppTests */ = {
			isa = PBXGroup;
			children = (
				04F2992D227CCCAA00288859 /* ToDoAppTests.swift */,
				04F2992F227CCCAA00288859 /* Info.plist */,
			);
			path = ToDoAppTests;
			sourceTree = "<group>";
		};
		04F29937227CCCAA00288859 /* ToDoAppUITests */ = {
			isa = PBXGroup;
			children = (
				04F29938227CCCAA00288859 /* ToDoAppUITests.swift */,
				04F2993A227CCCAA00288859 /* Info.plist */,
			);
			path = ToDoAppUITests;
			sourceTree = "<group>";
		};
		04F29948227CD18C00288859 /* TodoList */ = {
			isa = PBXGroup;
			children = (
				04F2991A227CCCA700288859 /* TaskListViewController.swift */,
			);
			path = TodoList;
			sourceTree = "<group>";
		};
		04F29949227CD1A700288859 /* AddTask */ = {
			isa = PBXGroup;
			children = (
				04F29946227CCF5700288859 /* AddTaskVC.swift */,
			);
			path = AddTask;
			sourceTree = "<group>";
		};
		04F2994A227CD1BF00288859 /* TableViewCells */ = {
			isa = PBXGroup;
			children = (
				04F2994B227CD20300288859 /* TodoListTableViewCell.swift */,
			);
			path = TableViewCells;
			sourceTree = "<group>";
		};
/* End PBXGroup section */

/* Begin PBXNativeTarget section */
		04F29914227CCCA700288859 /* ToDoApp */ = {
			isa = PBXNativeTarget;
			buildConfigurationList = 04F2993D227CCCAA00288859 /* Build configuration list for PBXNativeTarget "ToDoApp" */;
			buildPhases = (
				04F29911227CCCA700288859 /* Sources */,
				04F29912227CCCA700288859 /* Frameworks */,
				04F29913227CCCA700288859 /* Resources */,
			);
			buildRules = (
			);
			dependencies = (
			);
			name = ToDoApp;
			productName = ToDoApp;
			productReference = 04F29915227CCCA700288859 /* ToDoApp.app */;
			productType = "com.apple.product-type.application";
		};
		04F29928227CCCAA00288859 /* ToDoAppTests */ = {
			isa = PBXNativeTarget;
			buildConfigurationList = 04F29940227CCCAA00288859 /* Build configuration list for PBXNativeTarget "ToDoAppTests" */;
			buildPhases = (
				04F29925227CCCAA00288859 /* Sources */,
				04F29926227CCCAA00288859 /* Frameworks */,
				04F29927227CCCAA00288859 /* Resources */,
			);
			buildRules = (
			);
			dependencies = (
				04F2992B227CCCAA00288859 /* PBXTargetDependency */,
			);
			name = ToDoAppTests;
			productName = ToDoAppTests;
			productReference = 04F29929227CCCAA00288859 /* ToDoAppTests.xctest */;
			productType = "com.apple.product-type.bundle.unit-test";
		};
		04F29933227CCCAA00288859 /* ToDoAppUITests */ = {
			isa = PBXNativeTarget;
			buildConfigurationList = 04F29943227CCCAA00288859 /* Build configuration list for PBXNativeTarget "ToDoAppUITests" */;
			buildPhases = (
				04F29930227CCCAA00288859 /* Sources */,
				04F29931227CCCAA00288859 /* Frameworks */,
				04F29932227CCCAA00288859 /* Resources */,
			);
			buildRules = (
			);
			dependencies = (
				04F29936227CCCAA00288859 /* PBXTargetDependency */,
			);
			name = ToDoAppUITests;
			productName = ToDoAppUITests;
			productReference = 04F29934227CCCAA00288859 /* ToDoAppUITests.xctest */;
			productType = "com.apple.product-type.bundle.ui-testing";
		};
/* End PBXNativeTarget section */

/* Begin PBXProject section */
		04F2990D227CCCA700288859 /* Project object */ = {
			isa = PBXProject;
			attributes = {
				LastSwiftUpdateCheck = 1020;
				LastUpgradeCheck = 1020;
				ORGANIZATIONNAME = Rajat;
				TargetAttributes = {
					04F29914227CCCA700288859 = {
						CreatedOnToolsVersion = 10.2;
					};
					04F29928227CCCAA00288859 = {
						CreatedOnToolsVersion = 10.2;
						TestTargetID = 04F29914227CCCA700288859;
					};
					04F29933227CCCAA00288859 = {
						CreatedOnToolsVersion = 10.2;
						TestTargetID = 04F29914227CCCA700288859;
					};
				};
			};
			buildConfigurationList = 04F29910227CCCA700288859 /* Build configuration list for PBXProject "ToDoApp" */;
			compatibilityVersion = "Xcode 9.3";
			developmentRegion = en;
			hasScannedForEncodings = 0;
			knownRegions = (
				en,
				Base,
			);
			mainGroup = 04F2990C227CCCA700288859;
			productRefGroup = 04F29916227CCCA700288859 /* Products */;
			projectDirPath = "";
			projectRoot = "";
			targets = (
				04F29914227CCCA700288859 /* ToDoApp */,
				04F29928227CCCAA00288859 /* ToDoAppTests */,
				04F29933227CCCAA00288859 /* ToDoAppUITests */,
			);
		};
/* End PBXProject section */

/* Begin PBXResourcesBuildPhase section */
		04F29913227CCCA700288859 /* Resources */ = {
			isa = PBXResourcesBuildPhase;
			buildActionMask = 2147483647;
			files = (
				04F29923227CCCAA00288859 /* LaunchScreen.storyboard in Resources */,
				04F29920227CCCAA00288859 /* Assets.xcassets in Resources */,
				04F2991E227CCCA700288859 /* Main.storyboard in Resources */,
			);
			runOnlyForDeploymentPostprocessing = 0;
		};
		04F29927227CCCAA00288859 /* Resources */ = {
			isa = PBXResourcesBuildPhase;
			buildActionMask = 2147483647;
			files = (
			);
			runOnlyForDeploymentPostprocessing = 0;
		};
		04F29932227CCCAA00288859 /* Resources */ = {
			isa = PBXResourcesBuildPhase;
			buildActionMask = 2147483647;
			files = (
			);
			runOnlyForDeploymentPostprocessing = 0;
		};
/* End PBXResourcesBuildPhase section */

/* Begin PBXSourcesBuildPhase section */
		04F29911227CCCA700288859 /* Sources */ = {
			isa = PBXSourcesBuildPhase;
			buildActionMask = 2147483647;
			files = (
				046FD93B227D5F3B00CF4170 /* Utility.swift in Sources */,
				04F2991B227CCCA700288859 /* TaskListViewController.swift in Sources */,
				046FD938227D5B5500CF4170 /* Singleton.swift in Sources */,
				046FD936227D592100CF4170 /* ToDoModal.swift in Sources */,
				04F29947227CCF5700288859 /* AddTaskVC.swift in Sources */,
				04F29919227CCCA700288859 /* AppDelegate.swift in Sources */,
				04F2994C227CD20300288859 /* TodoListTableViewCell.swift in Sources */,
			);
			runOnlyForDeploymentPostprocessing = 0;
		};
		04F29925227CCCAA00288859 /* Sources */ = {
			isa = PBXSourcesBuildPhase;
			buildActionMask = 2147483647;
			files = (
				04F2992E227CCCAA00288859 /* ToDoAppTests.swift in Sources */,
			);
			runOnlyForDeploymentPostprocessing = 0;
		};
		04F29930227CCCAA00288859 /* Sources */ = {
			isa = PBXSourcesBuildPhase;
			buildActionMask = 2147483647;
			files = (
				04F29939227CCCAA00288859 /* ToDoAppUITests.swift in Sources */,
			);
			runOnlyForDeploymentPostprocessing = 0;
		};
/* End PBXSourcesBuildPhase section */

/* Begin PBXTargetDependency section */
		04F2992B227CCCAA00288859 /* PBXTargetDependency */ = {
			isa = PBXTargetDependency;
			target = 04F29914227CCCA700288859 /* ToDoApp */;
			targetProxy = 04F2992A227CCCAA00288859 /* PBXContainerItemProxy */;
		};
		04F29936227CCCAA00288859 /* PBXTargetDependency */ = {
			isa = PBXTargetDependency;
			target = 04F29914227CCCA700288859 /* ToDoApp */;
			targetProxy = 04F29935227CCCAA00288859 /* PBXContainerItemProxy */;
		};
/* End PBXTargetDependency section */

/* Begin PBXVariantGroup section */
		04F2991C227CCCA700288859 /* Main.storyboard */ = {
			isa = PBXVariantGroup;
			children = (
				04F2991D227CCCA700288859 /* Base */,
			);
			name = Main.storyboard;
			sourceTree = "<group>";
		};
		04F29921227CCCAA00288859 /* LaunchScreen.storyboard */ = {
			isa = PBXVariantGroup;
			children = (
				04F29922227CCCAA00288859 /* Base */,
			);
			name = LaunchScreen.storyboard;
			sourceTree = "<group>";
		};
/* End PBXVariantGroup section */

/* Begin XCBuildConfiguration section */
		04F2993B227CCCAA00288859 /* Debug */ = {
			isa = XCBuildConfiguration;
			buildSettings = {
				ALWAYS_SEARCH_USER_PATHS = NO;
				CLANG_ANALYZER_NONNULL = YES;
				CLANG_ANALYZER_NUMBER_OBJECT_CONVERSION = YES_AGGRESSIVE;
				CLANG_CXX_LANGUAGE_STANDARD = "gnu++14";
				CLANG_CXX_LIBRARY = "libc++";
				CLANG_ENABLE_MODULES = YES;
				CLANG_ENABLE_OBJC_ARC = YES;
				CLANG_ENABLE_OBJC_WEAK = YES;
				CLANG_WARN_BLOCK_CAPTURE_AUTORELEASING = YES;
				CLANG_WARN_BOOL_CONVERSION = YES;
				CLANG_WARN_COMMA = YES;
				CLANG_WARN_CONSTANT_CONVERSION = YES;
				CLANG_WARN_DEPRECATED_OBJC_IMPLEMENTATIONS = YES;
				CLANG_WARN_DIRECT_OBJC_ISA_USAGE = YES_ERROR;
				CLANG_WARN_DOCUMENTATION_COMMENTS = YES;
				CLANG_WARN_EMPTY_BODY = YES;
				CLANG_WARN_ENUM_CONVERSION = YES;
				CLANG_WARN_INFINITE_RECURSION = YES;
				CLANG_WARN_INT_CONVERSION = YES;
				CLANG_WARN_NON_LITERAL_NULL_CONVERSION = YES;
				CLANG_WARN_OBJC_IMPLICIT_RETAIN_SELF = YES;
				CLANG_WARN_OBJC_LITERAL_CONVERSION = YES;
				CLANG_WARN_OBJC_ROOT_CLASS = YES_ERROR;
				CLANG_WARN_RANGE_LOOP_ANALYSIS = YES;
				CLANG_WARN_STRICT_PROTOTYPES = YES;
				CLANG_WARN_SUSPICIOUS_MOVE = YES;
				CLANG_WARN_UNGUARDED_AVAILABILITY = YES_AGGRESSIVE;
				CLANG_WARN_UNREACHABLE_CODE = YES;
				CLANG_WARN__DUPLICATE_METHOD_MATCH = YES;
				CODE_SIGN_IDENTITY = "iPhone Developer";
				COPY_PHASE_STRIP = NO;
				DEBUG_INFORMATION_FORMAT = dwarf;
				ENABLE_STRICT_OBJC_MSGSEND = YES;
				ENABLE_TESTABILITY = YES;
				GCC_C_LANGUAGE_STANDARD = gnu11;
				GCC_DYNAMIC_NO_PIC = NO;
				GCC_NO_COMMON_BLOCKS = YES;
				GCC_OPTIMIZATION_LEVEL = 0;
				GCC_PREPROCESSOR_DEFINITIONS = (
					"DEBUG=1",
					"$(inherited)",
				);
				GCC_WARN_64_TO_32_BIT_CONVERSION = YES;
				GCC_WARN_ABOUT_RETURN_TYPE = YES_ERROR;
				GCC_WARN_UNDECLARED_SELECTOR = YES;
				GCC_WARN_UNINITIALIZED_AUTOS = YES_AGGRESSIVE;
				GCC_WARN_UNUSED_FUNCTION = YES;
				GCC_WARN_UNUSED_VARIABLE = YES;
				IPHONEOS_DEPLOYMENT_TARGET = 12.2;
				MTL_ENABLE_DEBUG_INFO = INCLUDE_SOURCE;
				MTL_FAST_MATH = YES;
				ONLY_ACTIVE_ARCH = YES;
				SDKROOT = iphoneos;
				SWIFT_ACTIVE_COMPILATION_CONDITIONS = DEBUG;
				SWIFT_OPTIMIZATION_LEVEL = "-Onone";
			};
			name = Debug;
		};
		04F2993C227CCCAA00288859 /* Release */ = {
			isa = XCBuildConfiguration;
			buildSettings = {
				ALWAYS_SEARCH_USER_PATHS = NO;
				CLANG_ANALYZER_NONNULL = YES;
				CLANG_ANALYZER_NUMBER_OBJECT_CONVERSION = YES_AGGRESSIVE;
				CLANG_CXX_LANGUAGE_STANDARD = "gnu++14";
				CLANG_CXX_LIBRARY = "libc++";
				CLANG_ENABLE_MODULES = YES;
				CLANG_ENABLE_OBJC_ARC = YES;
				CLANG_ENABLE_OBJC_WEAK = YES;
				CLANG_WARN_BLOCK_CAPTURE_AUTORELEASING = YES;
				CLANG_WARN_BOOL_CONVERSION = YES;
				CLANG_WARN_COMMA = YES;
				CLANG_WARN_CONSTANT_CONVERSION = YES;
				CLANG_WARN_DEPRECATED_OBJC_IMPLEMENTATIONS = YES;
				CLANG_WARN_DIRECT_OBJC_ISA_USAGE = YES_ERROR;
				CLANG_WARN_DOCUMENTATION_COMMENTS = YES;
				CLANG_WARN_EMPTY_BODY = YES;
				CLANG_WARN_ENUM_CONVERSION = YES;
				CLANG_WARN_INFINITE_RECURSION = YES;
				CLANG_WARN_INT_CONVERSION = YES;
				CLANG_WARN_NON_LITERAL_NULL_CONVERSION = YES;
				CLANG_WARN_OBJC_IMPLICIT_RETAIN_SELF = YES;
				CLANG_WARN_OBJC_LITERAL_CONVERSION = YES;
				CLANG_WARN_OBJC_ROOT_CLASS = YES_ERROR;
				CLANG_WARN_RANGE_LOOP_ANALYSIS = YES;
				CLANG_WARN_STRICT_PROTOTYPES = YES;
				CLANG_WARN_SUSPICIOUS_MOVE = YES;
				CLANG_WARN_UNGUARDED_AVAILABILITY = YES_AGGRESSIVE;
				CLANG_WARN_UNREACHABLE_CODE = YES;
				CLANG_WARN__DUPLICATE_METHOD_MATCH = YES;
				CODE_SIGN_IDENTITY = "iPhone Developer";
				COPY_PHASE_STRIP = NO;
				DEBUG_INFORMATION_FORMAT = "dwarf-with-dsym";
				ENABLE_NS_ASSERTIONS = NO;
				ENABLE_STRICT_OBJC_MSGSEND = YES;
				GCC_C_LANGUAGE_STANDARD = gnu11;
				GCC_NO_COMMON_BLOCKS = YES;
				GCC_WARN_64_TO_32_BIT_CONVERSION = YES;
				GCC_WARN_ABOUT_RETURN_TYPE = YES_ERROR;
				GCC_WARN_UNDECLARED_SELECTOR = YES;
				GCC_WARN_UNINITIALIZED_AUTOS = YES_AGGRESSIVE;
				GCC_WARN_UNUSED_FUNCTION = YES;
				GCC_WARN_UNUSED_VARIABLE = YES;
				IPHONEOS_DEPLOYMENT_TARGET = 12.2;
				MTL_ENABLE_DEBUG_INFO = NO;
				MTL_FAST_MATH = YES;
				SDKROOT = iphoneos;
				SWIFT_COMPILATION_MODE = wholemodule;
				SWIFT_OPTIMIZATION_LEVEL = "-O";
				VALIDATE_PRODUCT = YES;
			};
			name = Release;
		};
		04F2993E227CCCAA00288859 /* Debug */ = {
			isa = XCBuildConfiguration;
			buildSettings = {
				ASSETCATALOG_COMPILER_APPICON_NAME = AppIcon;
				CODE_SIGN_STYLE = Automatic;
				DEVELOPMENT_TEAM = 7TQNQXZL9S;
				INFOPLIST_FILE = ToDoApp/Info.plist;
				LD_RUNPATH_SEARCH_PATHS = (
					"$(inherited)",
					"@executable_path/Frameworks",
				);
				PRODUCT_BUNDLE_IDENTIFIER = com.demo.ToDoApp;
				PRODUCT_NAME = "$(TARGET_NAME)";
				SWIFT_VERSION = 5.0;
				TARGETED_DEVICE_FAMILY = "1,2";
			};
			name = Debug;
		};
		04F2993F227CCCAA00288859 /* Release */ = {
			isa = XCBuildConfiguration;
			buildSettings = {
				ASSETCATALOG_COMPILER_APPICON_NAME = AppIcon;
				CODE_SIGN_STYLE = Automatic;
				DEVELOPMENT_TEAM = 7TQNQXZL9S;
				INFOPLIST_FILE = ToDoApp/Info.plist;
				LD_RUNPATH_SEARCH_PATHS = (
					"$(inherited)",
					"@executable_path/Frameworks",
				);
				PRODUCT_BUNDLE_IDENTIFIER = com.demo.ToDoApp;
				PRODUCT_NAME = "$(TARGET_NAME)";
				SWIFT_VERSION = 5.0;
				TARGETED_DEVICE_FAMILY = "1,2";
			};
			name = Release;
		};
		04F29941227CCCAA00288859 /* Debug */ = {
			isa = XCBuildConfiguration;
			buildSettings = {
				ALWAYS_EMBED_SWIFT_STANDARD_LIBRARIES = YES;
				BUNDLE_LOADER = "$(TEST_HOST)";
				CODE_SIGN_STYLE = Automatic;
				DEVELOPMENT_TEAM = 7TQNQXZL9S;
				INFOPLIST_FILE = ToDoAppTests/Info.plist;
				LD_RUNPATH_SEARCH_PATHS = (
					"$(inherited)",
					"@executable_path/Frameworks",
					"@loader_path/Frameworks",
				);
				PRODUCT_BUNDLE_IDENTIFIER = com.demo.ToDoAppTests;
				PRODUCT_NAME = "$(TARGET_NAME)";
				SWIFT_VERSION = 5.0;
				TARGETED_DEVICE_FAMILY = "1,2";
				TEST_HOST = "$(BUILT_PRODUCTS_DIR)/ToDoApp.app/ToDoApp";
			};
			name = Debug;
		};
		04F29942227CCCAA00288859 /* Release */ = {
			isa = XCBuildConfiguration;
			buildSettings = {
				ALWAYS_EMBED_SWIFT_STANDARD_LIBRARIES = YES;
				BUNDLE_LOADER = "$(TEST_HOST)";
				CODE_SIGN_STYLE = Automatic;
				DEVELOPMENT_TEAM = 7TQNQXZL9S;
				INFOPLIST_FILE = ToDoAppTests/Info.plist;
				LD_RUNPATH_SEARCH_PATHS = (
					"$(inherited)",
					"@executable_path/Frameworks",
					"@loader_path/Frameworks",
				);
				PRODUCT_BUNDLE_IDENTIFIER = com.demo.ToDoAppTests;
				PRODUCT_NAME = "$(TARGET_NAME)";
				SWIFT_VERSION = 5.0;
				TARGETED_DEVICE_FAMILY = "1,2";
				TEST_HOST = "$(BUILT_PRODUCTS_DIR)/ToDoApp.app/ToDoApp";
			};
			name = Release;
		};
		04F29944227CCCAA00288859 /* Debug */ = {
			isa = XCBuildConfiguration;
			buildSettings = {
				ALWAYS_EMBED_SWIFT_STANDARD_LIBRARIES = YES;
				CODE_SIGN_STYLE = Automatic;
				DEVELOPMENT_TEAM = 7TQNQXZL9S;
				INFOPLIST_FILE = ToDoAppUITests/Info.plist;
				LD_RUNPATH_SEARCH_PATHS = (
					"$(inherited)",
					"@executable_path/Frameworks",
					"@loader_path/Frameworks",
				);
				PRODUCT_BUNDLE_IDENTIFIER = com.demo.ToDoAppUITests;
				PRODUCT_NAME = "$(TARGET_NAME)";
				SWIFT_VERSION = 5.0;
				TARGETED_DEVICE_FAMILY = "1,2";
				TEST_TARGET_NAME = ToDoApp;
			};
			name = Debug;
		};
		04F29945227CCCAA00288859 /* Release */ = {
			isa = XCBuildConfiguration;
			buildSettings = {
				ALWAYS_EMBED_SWIFT_STANDARD_LIBRARIES = YES;
				CODE_SIGN_STYLE = Automatic;
				DEVELOPMENT_TEAM = 7TQNQXZL9S;
				INFOPLIST_FILE = ToDoAppUITests/Info.plist;
				LD_RUNPATH_SEARCH_PATHS = (
					"$(inherited)",
					"@executable_path/Frameworks",
					"@loader_path/Frameworks",
				);
				PRODUCT_BUNDLE_IDENTIFIER = com.demo.ToDoAppUITests;
				PRODUCT_NAME = "$(TARGET_NAME)";
				SWIFT_VERSION = 5.0;
				TARGETED_DEVICE_FAMILY = "1,2";
				TEST_TARGET_NAME = ToDoApp;
			};
			name = Release;
		};
/* End XCBuildConfiguration section */

/* Begin XCConfigurationList section */
		04F29910227CCCA700288859 /* Build configuration list for PBXProject "ToDoApp" */ = {
			isa = XCConfigurationList;
			buildConfigurations = (
				04F2993B227CCCAA00288859 /* Debug */,
				04F2993C227CCCAA00288859 /* Release */,
			);
			defaultConfigurationIsVisible = 0;
			defaultConfigurationName = Release;
		};
		04F2993D227CCCAA00288859 /* Build configuration list for PBXNativeTarget "ToDoApp" */ = {
			isa = XCConfigurationList;
			buildConfigurations = (
				04F2993E227CCCAA00288859 /* Debug */,
				04F2993F227CCCAA00288859 /* Release */,
			);
			defaultConfigurationIsVisible = 0;
			defaultConfigurationName = Release;
		};
		04F29940227CCCAA00288859 /* Build configuration list for PBXNativeTarget "ToDoAppTests" */ = {
			isa = XCConfigurationList;
			buildConfigurations = (
				04F29941227CCCAA00288859 /* Debug */,
				04F29942227CCCAA00288859 /* Release */,
			);
			defaultConfigurationIsVisible = 0;
			defaultConfigurationName = Release;
		};
		04F29943227CCCAA00288859 /* Build configuration list for PBXNativeTarget "ToDoAppUITests" */ = {
			isa = XCConfigurationList;
			buildConfigurations = (
				04F29944227CCCAA00288859 /* Debug */,
				04F29945227CCCAA00288859 /* Release */,
			);
			defaultConfigurationIsVisible = 0;
			defaultConfigurationName = Release;
		};
/* End XCConfigurationList section */
	};
	rootObject = 04F2990D227CCCA700288859 /* Project object */;
}
